
Microsoft Visual Studio Solution File, Format Version 12.00
Project("{FAE04EC0-301F-11D3-BF4B-00C04F79EFBC}") = "DirectoryService.Domain", "src\DirectoryService.Domain\DirectoryService.Domain.csproj", "{29D7AF82-BC40-48CB-A40D-41EA68DC9018}"
EndProject
Project("{2150E333-8FDC-42A3-9474-1A3956D46DE8}") = "src", "src", "{45EA40D0-67A4-44FD-8C89-6FEC81FD17A9}"
EndProject
Project("{FAE04EC0-301F-11D3-BF4B-00C04F79EFBC}") = "DirectoryService.Application", "src\DirectoryService.Application\DirectoryService.Application.csproj", "{1B91DB5E-9B1B-4390-A8D9-AE7C1C6DAC73}"
EndProject
Project("{FAE04EC0-301F-11D3-BF4B-00C04F79EFBC}") = "DirectoryService.Infrastructure", "src\DirectoryService.Infrastructure\DirectoryService.Infrastructure.csproj", "{0B3A8CD5-74C2-4E2E-ACAD-228FB9E29AF2}"
EndProject
Project("{FAE04EC0-301F-11D3-BF4B-00C04F79EFBC}") = "DirectoryService.Presentation", "src\DirectoryService.Presentation\DirectoryService.Presentation.csproj", "{EC04E8D4-17F9-45B8-9D10-0EA3070B3A98}"
EndProject
Project("{FAE04EC0-301F-11D3-BF4B-00C04F79EFBC}") = "DirectoryService.Contracts", "src\DirectoryService.Contracts\DirectoryService.Contracts.csproj", "{FB4B8FB5-1CC9-47F6-A381-1F88C44F219A}"
EndProject
Project("{FAE04EC0-301F-11D3-BF4B-00C04F79EFBC}") = "DirectoryService.Web", "src\DirectoryService.Web\DirectoryService.Web.csproj", "{66B6B426-1B3B-43EB-BF22-D93DD41FFAC6}"
EndProject
Project("{2150E333-8FDC-42A3-9474-1A3956D46DE8}") = "Solution Items", "Solution Items", "{CE4D7FE7-879A-4BCC-BFE4-BB68B5261376}"
	ProjectSection(SolutionItems) = preProject
		Directory.Build.props = Directory.Build.props
		.editorconfig = .editorconfig
		docker-compose.yml = docker-compose.yml
	EndProjectSection
EndProject
Project("{FAE04EC0-301F-11D3-BF4B-00C04F79EFBC}") = "Shared", "src\Shared\Shared.csproj", "{2157745A-5DFD-4D1E-A40A-27B0CEC56FF7}"
EndProject
Global
	GlobalSection(SolutionConfigurationPlatforms) = preSolution
		Debug|Any CPU = Debug|Any CPU
		Release|Any CPU = Release|Any CPU
	EndGlobalSection
	GlobalSection(ProjectConfigurationPlatforms) = postSolution
		{29D7AF82-BC40-48CB-A40D-41EA68DC9018}.Debug|Any CPU.ActiveCfg = Debug|Any CPU
		{29D7AF82-BC40-48CB-A40D-41EA68DC9018}.Debug|Any CPU.Build.0 = Debug|Any CPU
		{29D7AF82-BC40-48CB-A40D-41EA68DC9018}.Release|Any CPU.ActiveCfg = Release|Any CPU
		{29D7AF82-BC40-48CB-A40D-41EA68DC9018}.Release|Any CPU.Build.0 = Release|Any CPU
		{1B91DB5E-9B1B-4390-A8D9-AE7C1C6DAC73}.Debug|Any CPU.ActiveCfg = Debug|Any CPU
		{1B91DB5E-9B1B-4390-A8D9-AE7C1C6DAC73}.Debug|Any CPU.Build.0 = Debug|Any CPU
		{1B91DB5E-9B1B-4390-A8D9-AE7C1C6DAC73}.Release|Any CPU.ActiveCfg = Release|Any CPU
		{1B91DB5E-9B1B-4390-A8D9-AE7C1C6DAC73}.Release|Any CPU.Build.0 = Release|Any CPU
		{0B3A8CD5-74C2-4E2E-ACAD-228FB9E29AF2}.Debug|Any CPU.ActiveCfg = Debug|Any CPU
		{0B3A8CD5-74C2-4E2E-ACAD-228FB9E29AF2}.Debug|Any CPU.Build.0 = Debug|Any CPU
		{0B3A8CD5-74C2-4E2E-ACAD-228FB9E29AF2}.Release|Any CPU.ActiveCfg = Release|Any CPU
		{0B3A8CD5-74C2-4E2E-ACAD-228FB9E29AF2}.Release|Any CPU.Build.0 = Release|Any CPU
		{EC04E8D4-17F9-45B8-9D10-0EA3070B3A98}.Debug|Any CPU.ActiveCfg = Debug|Any CPU
		{EC04E8D4-17F9-45B8-9D10-0EA3070B3A98}.Debug|Any CPU.Build.0 = Debug|Any CPU
		{EC04E8D4-17F9-45B8-9D10-0EA3070B3A98}.Release|Any CPU.ActiveCfg = Release|Any CPU
		{EC04E8D4-17F9-45B8-9D10-0EA3070B3A98}.Release|Any CPU.Build.0 = Release|Any CPU
		{FB4B8FB5-1CC9-47F6-A381-1F88C44F219A}.Debug|Any CPU.ActiveCfg = Debug|Any CPU
		{FB4B8FB5-1CC9-47F6-A381-1F88C44F219A}.Debug|Any CPU.Build.0 = Debug|Any CPU
		{FB4B8FB5-1CC9-47F6-A381-1F88C44F219A}.Release|Any CPU.ActiveCfg = Release|Any CPU
		{FB4B8FB5-1CC9-47F6-A381-1F88C44F219A}.Release|Any CPU.Build.0 = Release|Any CPU
		{66B6B426-1B3B-43EB-BF22-D93DD41FFAC6}.Debug|Any CPU.ActiveCfg = Debug|Any CPU
		{66B6B426-1B3B-43EB-BF22-D93DD41FFAC6}.Debug|Any CPU.Build.0 = Debug|Any CPU
		{66B6B426-1B3B-43EB-BF22-D93DD41FFAC6}.Release|Any CPU.ActiveCfg = Release|Any CPU
		{66B6B426-1B3B-43EB-BF22-D93DD41FFAC6}.Release|Any CPU.Build.0 = Release|Any CPU
		{2157745A-5DFD-4D1E-A40A-27B0CEC56FF7}.Debug|Any CPU.ActiveCfg = Debug|Any CPU
		{2157745A-5DFD-4D1E-A40A-27B0CEC56FF7}.Debug|Any CPU.Build.0 = Debug|Any CPU
		{2157745A-5DFD-4D1E-A40A-27B0CEC56FF7}.Release|Any CPU.ActiveCfg = Release|Any CPU
		{2157745A-5DFD-4D1E-A40A-27B0CEC56FF7}.Release|Any CPU.Build.0 = Release|Any CPU
	EndGlobalSection
	GlobalSection(NestedProjects) = preSolution
		{29D7AF82-BC40-48CB-A40D-41EA68DC9018} = {45EA40D0-67A4-44FD-8C89-6FEC81FD17A9}
		{1B91DB5E-9B1B-4390-A8D9-AE7C1C6DAC73} = {45EA40D0-67A4-44FD-8C89-6FEC81FD17A9}
		{0B3A8CD5-74C2-4E2E-ACAD-228FB9E29AF2} = {45EA40D0-67A4-44FD-8C89-6FEC81FD17A9}
		{EC04E8D4-17F9-45B8-9D10-0EA3070B3A98} = {45EA40D0-67A4-44FD-8C89-6FEC81FD17A9}
		{FB4B8FB5-1CC9-47F6-A381-1F88C44F219A} = {45EA40D0-67A4-44FD-8C89-6FEC81FD17A9}
		{66B6B426-1B3B-43EB-BF22-D93DD41FFAC6} = {45EA40D0-67A4-44FD-8C89-6FEC81FD17A9}
		{2157745A-5DFD-4D1E-A40A-27B0CEC56FF7} = {45EA40D0-67A4-44FD-8C89-6FEC81FD17A9}
	EndGlobalSection
EndGlobal
